
Microsoft Visual Studio Solution File, Format Version 11.00
# Visual Studio 2010
Project("{FAE04EC0-301F-11D3-BF4B-00C04F79EFBC}") = "Red Bayesiana", "Red Bayesiana\Red Bayesiana.csproj", "{B257F2BD-9CF2-49B1-B027-FCB7F200739D}"
EndProject
Project("{FAE04EC0-301F-11D3-BF4B-00C04F79EFBC}") = "RB_Message_Transfer", "RB_Message_Transfer\RB_Message_Transfer.csproj", "{CFD35A83-DFDE-42B4-B804-24B10DB0B30D}"
EndProject
Project("{FAE04EC0-301F-11D3-BF4B-00C04F79EFBC}") = "FlowChartDesigner", "FlowChartDesigner\FlowChartDesigner.csproj", "{92684859-A0B5-4D33-AA12-84DC3836969E}"
EndProject
Global
	GlobalSection(SolutionConfigurationPlatforms) = preSolution
		Debug|Any CPU = Debug|Any CPU
		Debug|Mixed Platforms = Debug|Mixed Platforms
		Debug|x86 = Debug|x86
		Release|Any CPU = Release|Any CPU
		Release|Mixed Platforms = Release|Mixed Platforms
		Release|x86 = Release|x86
	EndGlobalSection
	GlobalSection(ProjectConfigurationPlatforms) = postSolution
		{B257F2BD-9CF2-49B1-B027-FCB7F200739D}.Debug|Any CPU.ActiveCfg = Debug|x86
		{B257F2BD-9CF2-49B1-B027-FCB7F200739D}.Debug|Mixed Platforms.ActiveCfg = Debug|x86
		{B257F2BD-9CF2-49B1-B027-FCB7F200739D}.Debug|Mixed Platforms.Build.0 = Debug|x86
		{B257F2BD-9CF2-49B1-B027-FCB7F200739D}.Debug|x86.ActiveCfg = Debug|x86
		{B257F2BD-9CF2-49B1-B027-FCB7F200739D}.Debug|x86.Build.0 = Debug|x86
		{B257F2BD-9CF2-49B1-B027-FCB7F200739D}.Release|Any CPU.ActiveCfg = Release|x86
		{B257F2BD-9CF2-49B1-B027-FCB7F200739D}.Release|Mixed Platforms.ActiveCfg = Release|x86
		{B257F2BD-9CF2-49B1-B027-FCB7F200739D}.Release|Mixed Platforms.Build.0 = Release|x86
		{B257F2BD-9CF2-49B1-B027-FCB7F200739D}.Release|x86.ActiveCfg = Release|x86
		{B257F2BD-9CF2-49B1-B027-FCB7F200739D}.Release|x86.Build.0 = Release|x86
		{CFD35A83-DFDE-42B4-B804-24B10DB0B30D}.Debug|Any CPU.ActiveCfg = Debug|Any CPU
		{CFD35A83-DFDE-42B4-B804-24B10DB0B30D}.Debug|Any CPU.Build.0 = Debug|Any CPU
		{CFD35A83-DFDE-42B4-B804-24B10DB0B30D}.Debug|Mixed Platforms.ActiveCfg = Debug|Any CPU
		{CFD35A83-DFDE-42B4-B804-24B10DB0B30D}.Debug|Mixed Platforms.Build.0 = Debug|Any CPU
		{CFD35A83-DFDE-42B4-B804-24B10DB0B30D}.Debug|x86.ActiveCfg = Debug|Any CPU
		{CFD35A83-DFDE-42B4-B804-24B10DB0B30D}.Release|Any CPU.ActiveCfg = Release|Any CPU
		{CFD35A83-DFDE-42B4-B804-24B10DB0B30D}.Release|Any CPU.Build.0 = Release|Any CPU
		{CFD35A83-DFDE-42B4-B804-24B10DB0B30D}.Release|Mixed Platforms.ActiveCfg = Release|Any CPU
		{CFD35A83-DFDE-42B4-B804-24B10DB0B30D}.Release|Mixed Platforms.Build.0 = Release|Any CPU
		{CFD35A83-DFDE-42B4-B804-24B10DB0B30D}.Release|x86.ActiveCfg = Release|Any CPU
		{92684859-A0B5-4D33-AA12-84DC3836969E}.Debug|Any CPU.ActiveCfg = Debug|Any CPU
		{92684859-A0B5-4D33-AA12-84DC3836969E}.Debug|Any CPU.Build.0 = Debug|Any CPU
		{92684859-A0B5-4D33-AA12-84DC3836969E}.Debug|Mixed Platforms.ActiveCfg = Debug|Any CPU
		{92684859-A0B5-4D33-AA12-84DC3836969E}.Debug|Mixed Platforms.Build.0 = Debug|Any CPU
		{92684859-A0B5-4D33-AA12-84DC3836969E}.Debug|x86.ActiveCfg = Debug|Any CPU
		{92684859-A0B5-4D33-AA12-84DC3836969E}.Release|Any CPU.ActiveCfg = Release|Any CPU
		{92684859-A0B5-4D33-AA12-84DC3836969E}.Release|Any CPU.Build.0 = Release|Any CPU
		{92684859-A0B5-4D33-AA12-84DC3836969E}.Release|Mixed Platforms.ActiveCfg = Release|Any CPU
		{92684859-A0B5-4D33-AA12-84DC3836969E}.Release|Mixed Platforms.Build.0 = Release|Any CPU
		{92684859-A0B5-4D33-AA12-84DC3836969E}.Release|x86.ActiveCfg = Release|Any CPU
	EndGlobalSection
	GlobalSection(SolutionProperties) = preSolution
		HideSolutionNode = FALSE
	EndGlobalSection
EndGlobal
